
Microsoft Visual Studio Solution File, Format Version 12.00
# Visual Studio Version 17
VisualStudioVersion = 17.14.36301.6 d17.14
MinimumVisualStudioVersion = 10.0.40219.1
Project("{8BC9CEB8-8B4A-11D0-8D11-00A0C91BC942}") = "AKO_LAB3", "AKO_LAB3.vcxproj", "{07379877-1F45-4126-84A7-9D3A28B32F2D}"
EndProject
Global
	GlobalSection(SolutionConfigurationPlatforms) = preSolution
		Debug|x64 = Debug|x64
		Debug|x86 = Debug|x86
		Release|x64 = Release|x64
		Release|x86 = Release|x86
	EndGlobalSection
	GlobalSection(ProjectConfigurationPlatforms) = postSolution
		{07379877-1F45-4126-84A7-9D3A28B32F2D}.Debug|x64.ActiveCfg = Debug|x64
		{07379877-1F45-4126-84A7-9D3A28B32F2D}.Debug|x64.Build.0 = Debug|x64
		{07379877-1F45-4126-84A7-9D3A28B32F2D}.Debug|x86.ActiveCfg = Debug|Win32
		{07379877-1F45-4126-84A7-9D3A28B32F2D}.Debug|x86.Build.0 = Debug|Win32
		{07379877-1F45-4126-84A7-9D3A28B32F2D}.Release|x64.ActiveCfg = Release|x64
		{07379877-1F45-4126-84A7-9D3A28B32F2D}.Release|x64.Build.0 = Release|x64
		{07379877-1F45-4126-84A7-9D3A28B32F2D}.Release|x86.ActiveCfg = Release|Win32
		{07379877-1F45-4126-84A7-9D3A28B32F2D}.Release|x86.Build.0 = Release|Win32
	EndGlobalSection
	GlobalSection(SolutionProperties) = preSolution
		HideSolutionNode = FALSE
	EndGlobalSection
	GlobalSection(ExtensibilityGlobals) = postSolution
		SolutionGuid = {571174CC-1601-4E83-AF07-35B8878247D9}
	EndGlobalSection
EndGlobal
